# This file is automatically @generated by Cargo.
# It is not intended for manual editing.
version = 4

[[package]]
name = "mimi-animation"
version = "0.1.0"

[[package]]
name = "mimi-core"
version = "0.1.0"

[[package]]
name = "mimi-graph"
version = "0.1.0"

[[package]]
name = "mimi-script"
version = "0.1.0"

[[package]]
name = "mimi-sound"
version = "0.1.0"

[[package]]
name = "mimi-ui"
version = "0.1.0"
